
Microsoft Visual Studio Solution File, Format Version 12.00
# Visual Studio Version 16
VisualStudioVersion = 16.0.31005.135
MinimumVisualStudioVersion = 10.0.40219.1
Project("{FAE04EC0-301F-11D3-BF4B-00C04F79EFBC}") = "Creeper Executer", "Creeper Executer.csproj", "{91EBFEDA-0507-405F-80E5-1394CE6DA998}"
EndProject
Global
	GlobalSection(SolutionConfigurationPlatforms) = preSolution
		Debug|Any CPU = Debug|Any CPU
		Debug|x64 = Debug|x64
		Debug|x86 = Debug|x86
		Release|Any CPU = Release|Any CPU
		Release|x64 = Release|x64
		Release|x86 = Release|x86
	EndGlobalSection
	GlobalSection(ProjectConfigurationPlatforms) = postSolution
		{91EBFEDA-0507-405F-80E5-1394CE6DA998}.Debug|Any CPU.ActiveCfg = Debug|Any CPU
		{91EBFEDA-0507-405F-80E5-1394CE6DA998}.Debug|Any CPU.Build.0 = Debug|Any CPU
		{91EBFEDA-0507-405F-80E5-1394CE6DA998}.Debug|x64.ActiveCfg = Debug|Any CPU
		{91EBFEDA-0507-405F-80E5-1394CE6DA998}.Debug|x64.Build.0 = Debug|Any CPU
		{91EBFEDA-0507-405F-80E5-1394CE6DA998}.Debug|x86.ActiveCfg = Debug|Any CPU
		{91EBFEDA-0507-405F-80E5-1394CE6DA998}.Debug|x86.Build.0 = Debug|Any CPU
		{91EBFEDA-0507-405F-80E5-1394CE6DA998}.Release|Any CPU.ActiveCfg = Release|Any CPU
		{91EBFEDA-0507-405F-80E5-1394CE6DA998}.Release|Any CPU.Build.0 = Release|Any CPU
		{91EBFEDA-0507-405F-80E5-1394CE6DA998}.Release|x64.ActiveCfg = Release|Any CPU
		{91EBFEDA-0507-405F-80E5-1394CE6DA998}.Release|x64.Build.0 = Release|Any CPU
		{91EBFEDA-0507-405F-80E5-1394CE6DA998}.Release|x86.ActiveCfg = Release|Any CPU
		{91EBFEDA-0507-405F-80E5-1394CE6DA998}.Release|x86.Build.0 = Release|Any CPU
	EndGlobalSection
	GlobalSection(SolutionProperties) = preSolution
		HideSolutionNode = FALSE
	EndGlobalSection
	GlobalSection(ExtensibilityGlobals) = postSolution
		SolutionGuid = {6D3B9A14-9F4B-46DD-B13C-98B4A71C2616}
	EndGlobalSection
EndGlobal
